{
  "name": "env-cleaner",
  "version": "0.1.0",
  "lockfileVersion": 3,
  "requires": true,
  "packages": {
    "": {
      "name": "env-cleaner",
      "version": "0.1.0",
      "hasInstallScript": true,
      "license": "MIT",
      "bin": {
        "env-cleaner": "bin/env-cleaner"
      }
    }
  }
}
